
Microsoft Visual Studio Solution File, Format Version 12.00
# Visual Studio 2012
VisualStudioVersion = 12.0.31101.0
MinimumVisualStudioVersion = 10.0.40219.1
Project("{FAE04EC0-301F-11D3-BF4B-00C04F79EFBC}") = "Chance.MvvmCross.Plugins.UserInteraction", "Chance.MvvmCross.Plugins.UserInteraction\Chance.MvvmCross.Plugins.UserInteraction.csproj", "{C912911A-2216-447C-ADF4-8DC190804D75}"
EndProject
Project("{FAE04EC0-301F-11D3-BF4B-00C04F79EFBC}") = "Chance.MvvmCross.Plugins.UserInteraction.Droid", "Chance.MvvmCross.Plugins.UserInteraction.Droid\Chance.MvvmCross.Plugins.UserInteraction.Droid.csproj", "{5BE32F99-E41D-4D84-BBE8-E16A331C7767}"
EndProject
Project("{9344BDBB-3E7F-41FC-A0DD-8665D75EE146}") = "Chance.MvvmCross.Plugins.UserInteraction.Ios", "Chance.MvvmCross.Plugins.UserInteraction.Ios\Chance.MvvmCross.Plugins.UserInteraction.Ios.csproj", "{CA487D21-3429-498C-971E-70A9C4453E6C}"
EndProject
Project("{2150E333-8FDC-42A3-9474-1A3956D46DE8}") = "Solution Items", "Solution Items", "{C6C2BCE6-73AC-4EDC-A08D-B12B2FF434CB}"
	ProjectSection(SolutionItems) = preProject
		readme.md = readme.md
	EndProjectSection
EndProject
Project("{FAE04EC0-301F-11D3-BF4B-00C04F79EFBC}") = "Chance.MvvmCross.Plugins.UserInteraction.WindowsPhone", "Chance.MvvmCross.Plugins.UserInteraction.WindowsPhone\Chance.MvvmCross.Plugins.UserInteraction.WindowsPhone.csproj", "{3856B230-5B7B-4285-B591-A36C7BBE08CB}"
EndProject
Project("{FAE04EC0-301F-11D3-BF4B-00C04F79EFBC}") = "Chance.MvvmCross.Plugins.UserInteraction.WindowsStore", "Chance.MvvmCross.Plugins.UserInteraction.WindowsStore\Chance.MvvmCross.Plugins.UserInteraction.WindowsStore.csproj", "{53FDB605-5B5D-4EA3-959E-D3F29B37686C}"
EndProject
Project("{2150E333-8FDC-42A3-9474-1A3956D46DE8}") = "nuspec", "nuspec", "{A70679AB-94DA-4DD6-8C6E-E932F703DB98}"
	ProjectSection(SolutionItems) = preProject
		nuspec\Chance.MvvmCross.Plugins.UserInteraction.nuspec = nuspec\Chance.MvvmCross.Plugins.UserInteraction.nuspec
	EndProjectSection
EndProject
Project("{2150E333-8FDC-42A3-9474-1A3956D46DE8}") = "TouchBootstrapContent", "TouchBootstrapContent", "{F89BE4F7-B547-4C66-82DC-38AC0D741C46}"
	ProjectSection(SolutionItems) = preProject
		nuspec\TouchBootstrapContent\UserInteractionPluginBootstrap.cs.pp = nuspec\TouchBootstrapContent\UserInteractionPluginBootstrap.cs.pp
	EndProjectSection
EndProject
Project("{2150E333-8FDC-42A3-9474-1A3956D46DE8}") = "BootstrapContent", "BootstrapContent", "{5BA27F18-EA41-4EE1-A460-ACA3BF54424F}"
	ProjectSection(SolutionItems) = preProject
		nuspec\BootstrapContent\UserInteractionPluginBootstrap.cs.pp = nuspec\BootstrapContent\UserInteractionPluginBootstrap.cs.pp
	EndProjectSection
EndProject
Project("{FAE04EC0-301F-11D3-BF4B-00C04F79EFBC}") = "Chance.MvvmCross.Plugins.UserInteraction.WindowsCommon", "Chance.MvvmCross.Plugins.UserInteraction.WindowsCommon\Chance.MvvmCross.Plugins.UserInteraction.WindowsCommon.csproj", "{94F91390-3679-42B7-9856-EA58D8CAFEB3}"
EndProject
Global
	GlobalSection(SolutionConfigurationPlatforms) = preSolution
		Debug|Any CPU = Debug|Any CPU
		Debug|ARM = Debug|ARM
		Debug|x64 = Debug|x64
		Debug|x86 = Debug|x86
		Release|Any CPU = Release|Any CPU
		Release|ARM = Release|ARM
		Release|x64 = Release|x64
		Release|x86 = Release|x86
	EndGlobalSection
	GlobalSection(ProjectConfigurationPlatforms) = postSolution
		{3856B230-5B7B-4285-B591-A36C7BBE08CB}.Debug|Any CPU.ActiveCfg = Debug|Any CPU
		{3856B230-5B7B-4285-B591-A36C7BBE08CB}.Debug|Any CPU.Build.0 = Debug|Any CPU
		{3856B230-5B7B-4285-B591-A36C7BBE08CB}.Debug|ARM.ActiveCfg = Debug|ARM
		{3856B230-5B7B-4285-B591-A36C7BBE08CB}.Debug|ARM.Build.0 = Debug|ARM
		{3856B230-5B7B-4285-B591-A36C7BBE08CB}.Debug|x64.ActiveCfg = Debug|Any CPU
		{3856B230-5B7B-4285-B591-A36C7BBE08CB}.Debug|x86.ActiveCfg = Debug|x86
		{3856B230-5B7B-4285-B591-A36C7BBE08CB}.Debug|x86.Build.0 = Debug|x86
		{3856B230-5B7B-4285-B591-A36C7BBE08CB}.Release|Any CPU.ActiveCfg = Release|Any CPU
		{3856B230-5B7B-4285-B591-A36C7BBE08CB}.Release|Any CPU.Build.0 = Release|Any CPU
		{3856B230-5B7B-4285-B591-A36C7BBE08CB}.Release|ARM.ActiveCfg = Release|ARM
		{3856B230-5B7B-4285-B591-A36C7BBE08CB}.Release|ARM.Build.0 = Release|ARM
		{3856B230-5B7B-4285-B591-A36C7BBE08CB}.Release|x64.ActiveCfg = Release|Any CPU
		{3856B230-5B7B-4285-B591-A36C7BBE08CB}.Release|x86.ActiveCfg = Release|x86
		{3856B230-5B7B-4285-B591-A36C7BBE08CB}.Release|x86.Build.0 = Release|x86
		{53FDB605-5B5D-4EA3-959E-D3F29B37686C}.Debug|Any CPU.ActiveCfg = Debug|Any CPU
		{53FDB605-5B5D-4EA3-959E-D3F29B37686C}.Debug|Any CPU.Build.0 = Debug|Any CPU
		{53FDB605-5B5D-4EA3-959E-D3F29B37686C}.Debug|ARM.ActiveCfg = Debug|ARM
		{53FDB605-5B5D-4EA3-959E-D3F29B37686C}.Debug|ARM.Build.0 = Debug|ARM
		{53FDB605-5B5D-4EA3-959E-D3F29B37686C}.Debug|x64.ActiveCfg = Debug|x64
		{53FDB605-5B5D-4EA3-959E-D3F29B37686C}.Debug|x64.Build.0 = Debug|x64
		{53FDB605-5B5D-4EA3-959E-D3F29B37686C}.Debug|x86.ActiveCfg = Debug|x86
		{53FDB605-5B5D-4EA3-959E-D3F29B37686C}.Debug|x86.Build.0 = Debug|x86
		{53FDB605-5B5D-4EA3-959E-D3F29B37686C}.Release|Any CPU.ActiveCfg = Release|Any CPU
		{53FDB605-5B5D-4EA3-959E-D3F29B37686C}.Release|Any CPU.Build.0 = Release|Any CPU
		{53FDB605-5B5D-4EA3-959E-D3F29B37686C}.Release|ARM.ActiveCfg = Release|ARM
		{53FDB605-5B5D-4EA3-959E-D3F29B37686C}.Release|ARM.Build.0 = Release|ARM
		{53FDB605-5B5D-4EA3-959E-D3F29B37686C}.Release|x64.ActiveCfg = Release|x64
		{53FDB605-5B5D-4EA3-959E-D3F29B37686C}.Release|x64.Build.0 = Release|x64
		{53FDB605-5B5D-4EA3-959E-D3F29B37686C}.Release|x86.ActiveCfg = Release|x86
		{53FDB605-5B5D-4EA3-959E-D3F29B37686C}.Release|x86.Build.0 = Release|x86
		{5BE32F99-E41D-4D84-BBE8-E16A331C7767}.Debug|Any CPU.ActiveCfg = Debug|Any CPU
		{5BE32F99-E41D-4D84-BBE8-E16A331C7767}.Debug|Any CPU.Build.0 = Debug|Any CPU
		{5BE32F99-E41D-4D84-BBE8-E16A331C7767}.Debug|ARM.ActiveCfg = Debug|Any CPU
		{5BE32F99-E41D-4D84-BBE8-E16A331C7767}.Debug|x64.ActiveCfg = Debug|Any CPU
		{5BE32F99-E41D-4D84-BBE8-E16A331C7767}.Debug|x86.ActiveCfg = Debug|Any CPU
		{5BE32F99-E41D-4D84-BBE8-E16A331C7767}.Release|Any CPU.ActiveCfg = Release|Any CPU
		{5BE32F99-E41D-4D84-BBE8-E16A331C7767}.Release|Any CPU.Build.0 = Release|Any CPU
		{5BE32F99-E41D-4D84-BBE8-E16A331C7767}.Release|ARM.ActiveCfg = Release|Any CPU
		{5BE32F99-E41D-4D84-BBE8-E16A331C7767}.Release|x64.ActiveCfg = Release|Any CPU
		{5BE32F99-E41D-4D84-BBE8-E16A331C7767}.Release|x86.ActiveCfg = Release|Any CPU
		{94F91390-3679-42B7-9856-EA58D8CAFEB3}.Debug|Any CPU.ActiveCfg = Debug|Any CPU
		{94F91390-3679-42B7-9856-EA58D8CAFEB3}.Debug|Any CPU.Build.0 = Debug|Any CPU
		{94F91390-3679-42B7-9856-EA58D8CAFEB3}.Debug|ARM.ActiveCfg = Debug|ARM
		{94F91390-3679-42B7-9856-EA58D8CAFEB3}.Debug|ARM.Build.0 = Debug|ARM
		{94F91390-3679-42B7-9856-EA58D8CAFEB3}.Debug|x64.ActiveCfg = Debug|Any CPU
		{94F91390-3679-42B7-9856-EA58D8CAFEB3}.Debug|x86.ActiveCfg = Debug|x86
		{94F91390-3679-42B7-9856-EA58D8CAFEB3}.Debug|x86.Build.0 = Debug|x86
		{94F91390-3679-42B7-9856-EA58D8CAFEB3}.Release|Any CPU.ActiveCfg = Release|Any CPU
		{94F91390-3679-42B7-9856-EA58D8CAFEB3}.Release|Any CPU.Build.0 = Release|Any CPU
		{94F91390-3679-42B7-9856-EA58D8CAFEB3}.Release|ARM.ActiveCfg = Release|ARM
		{94F91390-3679-42B7-9856-EA58D8CAFEB3}.Release|ARM.Build.0 = Release|ARM
		{94F91390-3679-42B7-9856-EA58D8CAFEB3}.Release|x64.ActiveCfg = Release|Any CPU
		{94F91390-3679-42B7-9856-EA58D8CAFEB3}.Release|x86.ActiveCfg = Release|x86
		{94F91390-3679-42B7-9856-EA58D8CAFEB3}.Release|x86.Build.0 = Release|x86
		{C912911A-2216-447C-ADF4-8DC190804D75}.Debug|Any CPU.ActiveCfg = Debug|Any CPU
		{C912911A-2216-447C-ADF4-8DC190804D75}.Debug|Any CPU.Build.0 = Debug|Any CPU
		{C912911A-2216-447C-ADF4-8DC190804D75}.Debug|ARM.ActiveCfg = Debug|Any CPU
		{C912911A-2216-447C-ADF4-8DC190804D75}.Debug|x64.ActiveCfg = Debug|Any CPU
		{C912911A-2216-447C-ADF4-8DC190804D75}.Debug|x86.ActiveCfg = Debug|Any CPU
		{C912911A-2216-447C-ADF4-8DC190804D75}.Release|Any CPU.ActiveCfg = Release|Any CPU
		{C912911A-2216-447C-ADF4-8DC190804D75}.Release|Any CPU.Build.0 = Release|Any CPU
		{C912911A-2216-447C-ADF4-8DC190804D75}.Release|ARM.ActiveCfg = Release|Any CPU
		{C912911A-2216-447C-ADF4-8DC190804D75}.Release|x64.ActiveCfg = Release|Any CPU
		{C912911A-2216-447C-ADF4-8DC190804D75}.Release|x86.ActiveCfg = Release|Any CPU
		{CA487D21-3429-498C-971E-70A9C4453E6C}.Debug|Any CPU.ActiveCfg = Debug|Any CPU
		{CA487D21-3429-498C-971E-70A9C4453E6C}.Debug|Any CPU.Build.0 = Debug|Any CPU
		{CA487D21-3429-498C-971E-70A9C4453E6C}.Debug|ARM.ActiveCfg = Debug|Any CPU
		{CA487D21-3429-498C-971E-70A9C4453E6C}.Debug|x64.ActiveCfg = Debug|Any CPU
		{CA487D21-3429-498C-971E-70A9C4453E6C}.Debug|x86.ActiveCfg = Debug|Any CPU
		{CA487D21-3429-498C-971E-70A9C4453E6C}.Release|Any CPU.ActiveCfg = Release|Any CPU
		{CA487D21-3429-498C-971E-70A9C4453E6C}.Release|Any CPU.Build.0 = Release|Any CPU
		{CA487D21-3429-498C-971E-70A9C4453E6C}.Release|ARM.ActiveCfg = Release|Any CPU
		{CA487D21-3429-498C-971E-70A9C4453E6C}.Release|x64.ActiveCfg = Release|Any CPU
		{CA487D21-3429-498C-971E-70A9C4453E6C}.Release|x86.ActiveCfg = Release|Any CPU
	EndGlobalSection
	GlobalSection(NestedProjects) = preSolution
		{F89BE4F7-B547-4C66-82DC-38AC0D741C46} = {A70679AB-94DA-4DD6-8C6E-E932F703DB98}
		{5BA27F18-EA41-4EE1-A460-ACA3BF54424F} = {A70679AB-94DA-4DD6-8C6E-E932F703DB98}
	EndGlobalSection
	GlobalSection(MonoDevelopProperties) = preSolution
		StartupItem = Chance.MvvmCross.Plugins.UserInteraction\Chance.MvvmCross.Plugins.UserInteraction.csproj
	EndGlobalSection
	GlobalSection(SolutionProperties) = preSolution
		HideSolutionNode = FALSE
	EndGlobalSection
EndGlobal
