
Microsoft Visual Studio Solution File, Format Version 12.00
# Visual Studio 2012
Project("{FAE04EC0-301F-11D3-BF4B-00C04F79EFBC}") = "Chance.MvvmCross.Plugins.UserInteraction", "Chance.MvvmCross.Plugins.UserInteraction\Chance.MvvmCross.Plugins.UserInteraction.csproj", "{C912911A-2216-447C-ADF4-8DC190804D75}"
EndProject
Project("{FAE04EC0-301F-11D3-BF4B-00C04F79EFBC}") = "Chance.MvvmCross.Plugins.UserInteraction.Droid", "Chance.MvvmCross.Plugins.UserInteraction.Droid\Chance.MvvmCross.Plugins.UserInteraction.Droid.csproj", "{5BE32F99-E41D-4D84-BBE8-E16A331C7767}"
EndProject
Project("{FAE04EC0-301F-11D3-BF4B-00C04F79EFBC}") = "Chance.MvvmCross.Plugins.UserInteraction.Touch", "Chance.MvvmCross.Plugins.UserInteraction.Touch\Chance.MvvmCross.Plugins.UserInteraction.Touch.csproj", "{CA487D21-3429-498C-971E-70A9C4453E6C}"
EndProject
Project("{2150E333-8FDC-42A3-9474-1A3956D46DE8}") = "Bootstrap", "Bootstrap", "{CE291FF3-DF0C-4946-B6BD-F083D5CAF14B}"
EndProject
Project("{2150E333-8FDC-42A3-9474-1A3956D46DE8}") = "Droid", "Droid", "{7EDF8691-1C9C-4453-9564-CE4A651E7824}"
	ProjectSection(SolutionItems) = preProject
		Chance.MvvmCross.Plugins.UserInteraction.Droid\UserInteractionPluginBootstrap.cs = Chance.MvvmCross.Plugins.UserInteraction.Droid\UserInteractionPluginBootstrap.cs
	EndProjectSection
EndProject
Project("{2150E333-8FDC-42A3-9474-1A3956D46DE8}") = "Touch", "Touch", "{BB599BA6-F8DE-43AB-80BC-68537C4C316E}"
	ProjectSection(SolutionItems) = preProject
		Chance.MvvmCross.Plugins.UserInteraction.Touch\UserInteractionPluginBootstrap.cs = Chance.MvvmCross.Plugins.UserInteraction.Touch\UserInteractionPluginBootstrap.cs
	EndProjectSection
EndProject
Project("{2150E333-8FDC-42A3-9474-1A3956D46DE8}") = "Solution Items", "Solution Items", "{C6C2BCE6-73AC-4EDC-A08D-B12B2FF434CB}"
	ProjectSection(SolutionItems) = preProject
		readme.md = readme.md
	EndProjectSection
EndProject
Global
	GlobalSection(SolutionConfigurationPlatforms) = preSolution
		Debug|Any CPU = Debug|Any CPU
		Release|Any CPU = Release|Any CPU
	EndGlobalSection
	GlobalSection(ProjectConfigurationPlatforms) = postSolution
		{5BE32F99-E41D-4D84-BBE8-E16A331C7767}.Debug|Any CPU.ActiveCfg = Debug|Any CPU
		{5BE32F99-E41D-4D84-BBE8-E16A331C7767}.Debug|Any CPU.Build.0 = Debug|Any CPU
		{5BE32F99-E41D-4D84-BBE8-E16A331C7767}.Release|Any CPU.ActiveCfg = Release|Any CPU
		{5BE32F99-E41D-4D84-BBE8-E16A331C7767}.Release|Any CPU.Build.0 = Release|Any CPU
		{C912911A-2216-447C-ADF4-8DC190804D75}.Debug|Any CPU.ActiveCfg = Debug|Any CPU
		{C912911A-2216-447C-ADF4-8DC190804D75}.Debug|Any CPU.Build.0 = Debug|Any CPU
		{C912911A-2216-447C-ADF4-8DC190804D75}.Release|Any CPU.ActiveCfg = Release|Any CPU
		{C912911A-2216-447C-ADF4-8DC190804D75}.Release|Any CPU.Build.0 = Release|Any CPU
		{CA487D21-3429-498C-971E-70A9C4453E6C}.Debug|Any CPU.ActiveCfg = Debug|Any CPU
		{CA487D21-3429-498C-971E-70A9C4453E6C}.Debug|Any CPU.Build.0 = Debug|Any CPU
		{CA487D21-3429-498C-971E-70A9C4453E6C}.Release|Any CPU.ActiveCfg = Release|Any CPU
		{CA487D21-3429-498C-971E-70A9C4453E6C}.Release|Any CPU.Build.0 = Release|Any CPU
	EndGlobalSection
	GlobalSection(NestedProjects) = preSolution
		{7EDF8691-1C9C-4453-9564-CE4A651E7824} = {CE291FF3-DF0C-4946-B6BD-F083D5CAF14B}
		{BB599BA6-F8DE-43AB-80BC-68537C4C316E} = {CE291FF3-DF0C-4946-B6BD-F083D5CAF14B}
	EndGlobalSection
	GlobalSection(MonoDevelopProperties) = preSolution
		StartupItem = Chance.MvvmCross.Plugins.UserInteraction\Chance.MvvmCross.Plugins.UserInteraction.csproj
	EndGlobalSection
	GlobalSection(SolutionProperties) = preSolution
		HideSolutionNode = FALSE
	EndGlobalSection
EndGlobal
